
Microsoft Visual Studio Solution File, Format Version 12.00
# Visual Studio Version 17
VisualStudioVersion = 17.9.34701.34
MinimumVisualStudioVersion = 10.0.40219.1
Project("{9A19103F-16F7-4668-BE54-9A1E7A4F7556}") = "EmprestimoLivros.Domain", "EmprestimoLivros.Domain\EmprestimoLivros.Domain.csproj", "{659BDF89-6F44-46BE-891C-6E92F79772B0}"
EndProject
Project("{9A19103F-16F7-4668-BE54-9A1E7A4F7556}") = "EmprestimoLivros.Infra.Data", "EmprestimoLivros.Infra.Data\EmprestimoLivros.Infra.Data.csproj", "{FDC81875-51FF-4BA0-90EF-661F70CFBACC}"
EndProject
Project("{9A19103F-16F7-4668-BE54-9A1E7A4F7556}") = "EmprestimoLivros.Infra.Ioc", "EmprestimoLivros.Infra.Ioc\EmprestimoLivros.Infra.Ioc.csproj", "{00C7C9BF-3E15-4498-A4F4-856BD20F4A89}"
EndProject
Project("{9A19103F-16F7-4668-BE54-9A1E7A4F7556}") = "EmprestimoLivros.Application", "EmprestimoLivros.Application\EmprestimoLivros.Application.csproj", "{031A04B8-F31A-407D-A2FB-7413D7294A9A}"
EndProject
Project("{FAE04EC0-301F-11D3-BF4B-00C04F79EFBC}") = "EmprestimoLIvro.API", "EmprestimoLIvro.API\EmprestimoLIvro.API.csproj", "{9765F907-F3E8-40A4-9D1E-4181F2783573}"
EndProject
Global
	GlobalSection(SolutionConfigurationPlatforms) = preSolution
		Debug|Any CPU = Debug|Any CPU
		Release|Any CPU = Release|Any CPU
	EndGlobalSection
	GlobalSection(ProjectConfigurationPlatforms) = postSolution
		{659BDF89-6F44-46BE-891C-6E92F79772B0}.Debug|Any CPU.ActiveCfg = Debug|Any CPU
		{659BDF89-6F44-46BE-891C-6E92F79772B0}.Debug|Any CPU.Build.0 = Debug|Any CPU
		{659BDF89-6F44-46BE-891C-6E92F79772B0}.Release|Any CPU.ActiveCfg = Release|Any CPU
		{659BDF89-6F44-46BE-891C-6E92F79772B0}.Release|Any CPU.Build.0 = Release|Any CPU
		{FDC81875-51FF-4BA0-90EF-661F70CFBACC}.Debug|Any CPU.ActiveCfg = Debug|Any CPU
		{FDC81875-51FF-4BA0-90EF-661F70CFBACC}.Debug|Any CPU.Build.0 = Debug|Any CPU
		{FDC81875-51FF-4BA0-90EF-661F70CFBACC}.Release|Any CPU.ActiveCfg = Release|Any CPU
		{FDC81875-51FF-4BA0-90EF-661F70CFBACC}.Release|Any CPU.Build.0 = Release|Any CPU
		{00C7C9BF-3E15-4498-A4F4-856BD20F4A89}.Debug|Any CPU.ActiveCfg = Debug|Any CPU
		{00C7C9BF-3E15-4498-A4F4-856BD20F4A89}.Debug|Any CPU.Build.0 = Debug|Any CPU
		{00C7C9BF-3E15-4498-A4F4-856BD20F4A89}.Release|Any CPU.ActiveCfg = Release|Any CPU
		{00C7C9BF-3E15-4498-A4F4-856BD20F4A89}.Release|Any CPU.Build.0 = Release|Any CPU
		{031A04B8-F31A-407D-A2FB-7413D7294A9A}.Debug|Any CPU.ActiveCfg = Debug|Any CPU
		{031A04B8-F31A-407D-A2FB-7413D7294A9A}.Debug|Any CPU.Build.0 = Debug|Any CPU
		{031A04B8-F31A-407D-A2FB-7413D7294A9A}.Release|Any CPU.ActiveCfg = Release|Any CPU
		{031A04B8-F31A-407D-A2FB-7413D7294A9A}.Release|Any CPU.Build.0 = Release|Any CPU
		{9765F907-F3E8-40A4-9D1E-4181F2783573}.Debug|Any CPU.ActiveCfg = Debug|Any CPU
		{9765F907-F3E8-40A4-9D1E-4181F2783573}.Debug|Any CPU.Build.0 = Debug|Any CPU
		{9765F907-F3E8-40A4-9D1E-4181F2783573}.Release|Any CPU.ActiveCfg = Release|Any CPU
		{9765F907-F3E8-40A4-9D1E-4181F2783573}.Release|Any CPU.Build.0 = Release|Any CPU
	EndGlobalSection
	GlobalSection(SolutionProperties) = preSolution
		HideSolutionNode = FALSE
	EndGlobalSection
	GlobalSection(ExtensibilityGlobals) = postSolution
		SolutionGuid = {AAE4AC60-594E-471C-8B8D-776832234E39}
	EndGlobalSection
EndGlobal
